{
  "name": "meta-skill-framework",
  "version": "1.0.0",
  "lockfileVersion": 3,
  "requires": true,
  "packages": {
    "": {
      "name": "meta-skill-framework",
      "version": "1.0.0",
      "license": "MIT",
      "bin": {
        "meta-skill-framework": "bin/meta-skill-framework.js",
        "planning": "bin/planning.js"
      },
      "engines": {
        "node": ">=14.0.0",
        "python": ">=3.7"
      }
    }
  }
}
